
Microsoft Visual Studio Solution File, Format Version 12.00
# Visual Studio Version 17
VisualStudioVersion = 17.13.35931.197 d17.13
MinimumVisualStudioVersion = 10.0.40219.1
Project("{FAE04EC0-301F-11D3-BF4B-00C04F79EFBC}") = "ConsoleApp1", "ConsoleApp1\ConsoleApp1.csproj", "{F95A1556-57CD-4025-ABF9-FA2D41E38A96}"
EndProject
Global
	GlobalSection(SolutionConfigurationPlatforms) = preSolution
		Debug|Any CPU = Debug|Any CPU
		Release|Any CPU = Release|Any CPU
	EndGlobalSection
	GlobalSection(ProjectConfigurationPlatforms) = postSolution
		{F95A1556-57CD-4025-ABF9-FA2D41E38A96}.Debug|Any CPU.ActiveCfg = Debug|Any CPU
		{F95A1556-57CD-4025-ABF9-FA2D41E38A96}.Debug|Any CPU.Build.0 = Debug|Any CPU
		{F95A1556-57CD-4025-ABF9-FA2D41E38A96}.Release|Any CPU.ActiveCfg = Release|Any CPU
		{F95A1556-57CD-4025-ABF9-FA2D41E38A96}.Release|Any CPU.Build.0 = Release|Any CPU
	EndGlobalSection
	GlobalSection(SolutionProperties) = preSolution
		HideSolutionNode = FALSE
	EndGlobalSection
	GlobalSection(ExtensibilityGlobals) = postSolution
		SolutionGuid = {A0EB7932-9EB7-4EBA-A4B8-70B0757198B5}
	EndGlobalSection
EndGlobal
